// !$*UTF8*$!
{
	archiveVersion = 1;
	classes = {
	};
	objectVersion = 50;
	objects = {

/* Begin PBXBuildFile section */
		ED7E6002258BE9BB00B4417F /* FontListApp.swift in Sources */ = {isa = PBXBuildFile; fileRef = ED7E5FEF258BE9BA00B4417F /* FontListApp.swift */; };
		ED7E6003258BE9BB00B4417F /* FontListApp.swift in Sources */ = {isa = PBXBuildFile; fileRef = ED7E5FEF258BE9BA00B4417F /* FontListApp.swift */; };
		ED7E6004258BE9BB00B4417F /* ContentView.swift in Sources */ = {isa = PBXBuildFile; fileRef = ED7E5FF0258BE9BA00B4417F /* ContentView.swift */; };
		ED7E6005258BE9BB00B4417F /* ContentView.swift in Sources */ = {isa = PBXBuildFile; fileRef = ED7E5FF0258BE9BA00B4417F /* ContentView.swift */; };
		ED7E6006258BE9BB00B4417F /* Assets.xcassets in Resources */ = {isa = PBXBuildFile; fileRef = ED7E5FF1258BE9BB00B4417F /* Assets.xcassets */; };
		ED7E6007258BE9BB00B4417F /* Assets.xcassets in Resources */ = {isa = PBXBuildFile; fileRef = ED7E5FF1258BE9BB00B4417F /* Assets.xcassets */; };
/* End PBXBuildFile section */

/* Begin PBXFileReference section */
		ED7E5FEF258BE9BA00B4417F /* FontListApp.swift */ = {isa = PBXFileReference; lastKnownFileType = sourcecode.swift; path = FontListApp.swift; sourceTree = "<group>"; };
		ED7E5FF0258BE9BA00B4417F /* ContentView.swift */ = {isa = PBXFileReference; lastKnownFileType = sourcecode.swift; path = ContentView.swift; sourceTree = "<group>"; };
		ED7E5FF1258BE9BB00B4417F /* Assets.xcassets */ = {isa = PBXFileReference; lastKnownFileType = folder.assetcatalog; path = Assets.xcassets; sourceTree = "<group>"; };
		ED7E5FF6258BE9BB00B4417F /* FontList.app */ = {isa = PBXFileReference; explicitFileType = wrapper.application; includeInIndex = 0; path = FontList.app; sourceTree = BUILT_PRODUCTS_DIR; };
		ED7E5FF9258BE9BB00B4417F /* Info.plist */ = {isa = PBXFileReference; lastKnownFileType = text.plist.xml; path = Info.plist; sourceTree = "<group>"; };
		ED7E5FFE258BE9BB00B4417F /* FontList.app */ = {isa = PBXFileReference; explicitFileType = wrapper.application; includeInIndex = 0; path = FontList.app; sourceTree = BUILT_PRODUCTS_DIR; };
		ED7E6000258BE9BB00B4417F /* Info.plist */ = {isa = PBXFileReference; lastKnownFileType = text.plist.xml; path = Info.plist; sourceTree = "<group>"; };
		ED7E6001258BE9BB00B4417F /* macOS.entitlements */ = {isa = PBXFileReference; lastKnownFileType = text.plist.entitlements; path = macOS.entitlements; sourceTree = "<group>"; };
/* End PBXFileReference section */

/* Begin PBXFrameworksBuildPhase section */
		ED7E5FF3258BE9BB00B4417F /* Frameworks */ = {
			isa = PBXFrameworksBuildPhase;
			buildActionMask = 2147483647;
			files = (
			);
			runOnlyForDeploymentPostprocessing = 0;
		};
		ED7E5FFB258BE9BB00B4417F /* Frameworks */ = {
			isa = PBXFrameworksBuildPhase;
			buildActionMask = 2147483647;
			files = (
			);
			runOnlyForDeploymentPostprocessing = 0;
		};
/* End PBXFrameworksBuildPhase section */

/* Begin PBXGroup section */
		ED7E5FE9258BE9BA00B4417F = {
			isa = PBXGroup;
			children = (
				ED7E5FEE258BE9BA00B4417F /* Shared */,
				ED7E5FF8258BE9BB00B4417F /* iOS */,
				ED7E5FFF258BE9BB00B4417F /* macOS */,
				ED7E5FF7258BE9BB00B4417F /* Products */,
			);
			sourceTree = "<group>";
		};
		ED7E5FEE258BE9BA00B4417F /* Shared */ = {
			isa = PBXGroup;
			children = (
				ED7E5FEF258BE9BA00B4417F /* FontListApp.swift */,
				ED7E5FF0258BE9BA00B4417F /* ContentView.swift */,
				ED7E5FF1258BE9BB00B4417F /* Assets.xcassets */,
			);
			path = Shared;
			sourceTree = "<group>";
		};
		ED7E5FF7258BE9BB00B4417F /* Products */ = {
			isa = PBXGroup;
			children = (
				ED7E5FF6258BE9BB00B4417F /* FontList.app */,
				ED7E5FFE258BE9BB00B4417F /* FontList.app */,
			);
			name = Products;
			sourceTree = "<group>";
		};
		ED7E5FF8258BE9BB00B4417F /* iOS */ = {
			isa = PBXGroup;
			children = (
				ED7E5FF9258BE9BB00B4417F /* Info.plist */,
			);
			path = iOS;
			sourceTree = "<group>";
		};
		ED7E5FFF258BE9BB00B4417F /* macOS */ = {
			isa = PBXGroup;
			children = (
				ED7E6000258BE9BB00B4417F /* Info.plist */,
				ED7E6001258BE9BB00B4417F /* macOS.entitlements */,
			);
			path = macOS;
			sourceTree = "<group>";
		};
/* End PBXGroup section */

/* Begin PBXNativeTarget section */
		ED7E5FF5258BE9BB00B4417F /* FontList (iOS) */ = {
			isa = PBXNativeTarget;
			buildConfigurationList = ED7E600A258BE9BB00B4417F /* Build configuration list for PBXNativeTarget "FontList (iOS)" */;
			buildPhases = (
				ED7E5FF2258BE9BB00B4417F /* Sources */,
				ED7E5FF3258BE9BB00B4417F /* Frameworks */,
				ED7E5FF4258BE9BB00B4417F /* Resources */,
			);
			buildRules = (
			);
			dependencies = (
			);
			name = "FontList (iOS)";
			productName = "FontList (iOS)";
			productReference = ED7E5FF6258BE9BB00B4417F /* FontList.app */;
			productType = "com.apple.product-type.application";
		};
		ED7E5FFD258BE9BB00B4417F /* FontList (macOS) */ = {
			isa = PBXNativeTarget;
			buildConfigurationList = ED7E600D258BE9BB00B4417F /* Build configuration list for PBXNativeTarget "FontList (macOS)" */;
			buildPhases = (
				ED7E5FFA258BE9BB00B4417F /* Sources */,
				ED7E5FFB258BE9BB00B4417F /* Frameworks */,
				ED7E5FFC258BE9BB00B4417F /* Resources */,
			);
			buildRules = (
			);
			dependencies = (
			);
			name = "FontList (macOS)";
			productName = "FontList (macOS)";
			productReference = ED7E5FFE258BE9BB00B4417F /* FontList.app */;
			productType = "com.apple.product-type.application";
		};
/* End PBXNativeTarget section */

/* Begin PBXProject section */
		ED7E5FEA258BE9BA00B4417F /* Project object */ = {
			isa = PBXProject;
			attributes = {
				LastSwiftUpdateCheck = 1230;
				LastUpgradeCheck = 1230;
				TargetAttributes = {
					ED7E5FF5258BE9BB00B4417F = {
						CreatedOnToolsVersion = 12.3;
					};
					ED7E5FFD258BE9BB00B4417F = {
						CreatedOnToolsVersion = 12.3;
					};
				};
			};
			buildConfigurationList = ED7E5FED258BE9BA00B4417F /* Build configuration list for PBXProject "FontList" */;
			compatibilityVersion = "Xcode 9.3";
			developmentRegion = en;
			hasScannedForEncodings = 0;
			knownRegions = (
				en,
				Base,
			);
			mainGroup = ED7E5FE9258BE9BA00B4417F;
			productRefGroup = ED7E5FF7258BE9BB00B4417F /* Products */;
			projectDirPath = "";
			projectRoot = "";
			targets = (
				ED7E5FF5258BE9BB00B4417F /* FontList (iOS) */,
				ED7E5FFD258BE9BB00B4417F /* FontList (macOS) */,
			);
		};
/* End PBXProject section */

/* Begin PBXResourcesBuildPhase section */
		ED7E5FF4258BE9BB00B4417F /* Resources */ = {
			isa = PBXResourcesBuildPhase;
			buildActionMask = 2147483647;
			files = (
				ED7E6006258BE9BB00B4417F /* Assets.xcassets in Resources */,
			);
			runOnlyForDeploymentPostprocessing = 0;
		};
		ED7E5FFC258BE9BB00B4417F /* Resources */ = {
			isa = PBXResourcesBuildPhase;
			buildActionMask = 2147483647;
			files = (
				ED7E6007258BE9BB00B4417F /* Assets.xcassets in Resources */,
			);
			runOnlyForDeploymentPostprocessing = 0;
		};
/* End PBXResourcesBuildPhase section */

/* Begin PBXSourcesBuildPhase section */
		ED7E5FF2258BE9BB00B4417F /* Sources */ = {
			isa = PBXSourcesBuildPhase;
			buildActionMask = 2147483647;
			files = (
				ED7E6004258BE9BB00B4417F /* ContentView.swift in Sources */,
				ED7E6002258BE9BB00B4417F /* FontListApp.swift in Sources */,
			);
			runOnlyForDeploymentPostprocessing = 0;
		};
		ED7E5FFA258BE9BB00B4417F /* Sources */ = {
			isa = PBXSourcesBuildPhase;
			buildActionMask = 2147483647;
			files = (
				ED7E6005258BE9BB00B4417F /* ContentView.swift in Sources */,
				ED7E6003258BE9BB00B4417F /* FontListApp.swift in Sources */,
			);
			runOnlyForDeploymentPostprocessing = 0;
		};
/* End PBXSourcesBuildPhase section */

/* Begin XCBuildConfiguration section */
		ED7E6008258BE9BB00B4417F /* Debug */ = {
			isa = XCBuildConfiguration;
			buildSettings = {
				ALWAYS_SEARCH_USER_PATHS = NO;
				CLANG_ANALYZER_NONNULL = YES;
				CLANG_ANALYZER_NUMBER_OBJECT_CONVERSION = YES_AGGRESSIVE;
				CLANG_CXX_LANGUAGE_STANDARD = "gnu++14";
				CLANG_CXX_LIBRARY = "libc++";
				CLANG_ENABLE_MODULES = YES;
				CLANG_ENABLE_OBJC_ARC = YES;
				CLANG_ENABLE_OBJC_WEAK = YES;
				CLANG_WARN_BLOCK_CAPTURE_AUTORELEASING = YES;
				CLANG_WARN_BOOL_CONVERSION = YES;
				CLANG_WARN_COMMA = YES;
				CLANG_WARN_CONSTANT_CONVERSION = YES;
				CLANG_WARN_DEPRECATED_OBJC_IMPLEMENTATIONS = YES;
				CLANG_WARN_DIRECT_OBJC_ISA_USAGE = YES_ERROR;
				CLANG_WARN_DOCUMENTATION_COMMENTS = YES;
				CLANG_WARN_EMPTY_BODY = YES;
				CLANG_WARN_ENUM_CONVERSION = YES;
				CLANG_WARN_INFINITE_RECURSION = YES;
				CLANG_WARN_INT_CONVERSION = YES;
				CLANG_WARN_NON_LITERAL_NULL_CONVERSION = YES;
				CLANG_WARN_OBJC_IMPLICIT_RETAIN_SELF = YES;
				CLANG_WARN_OBJC_LITERAL_CONVERSION = YES;
				CLANG_WARN_OBJC_ROOT_CLASS = YES_ERROR;
				CLANG_WARN_QUOTED_INCLUDE_IN_FRAMEWORK_HEADER = YES;
				CLANG_WARN_RANGE_LOOP_ANALYSIS = YES;
				CLANG_WARN_STRICT_PROTOTYPES = YES;
				CLANG_WARN_SUSPICIOUS_MOVE = YES;
				CLANG_WARN_UNGUARDED_AVAILABILITY = YES_AGGRESSIVE;
				CLANG_WARN_UNREACHABLE_CODE = YES;
				CLANG_WARN__DUPLICATE_METHOD_MATCH = YES;
				COPY_PHASE_STRIP = NO;
				DEBUG_INFORMATION_FORMAT = dwarf;
				ENABLE_STRICT_OBJC_MSGSEND = YES;
				ENABLE_TESTABILITY = YES;
				GCC_C_LANGUAGE_STANDARD = gnu11;
				GCC_DYNAMIC_NO_PIC = NO;
				GCC_NO_COMMON_BLOCKS = YES;
				GCC_OPTIMIZATION_LEVEL = 0;
				GCC_PREPROCESSOR_DEFINITIONS = (
					"DEBUG=1",
					"$(inherited)",
				);
				GCC_WARN_64_TO_32_BIT_CONVERSION = YES;
				GCC_WARN_ABOUT_RETURN_TYPE = YES_ERROR;
				GCC_WARN_UNDECLARED_SELECTOR = YES;
				GCC_WARN_UNINITIALIZED_AUTOS = YES_AGGRESSIVE;
				GCC_WARN_UNUSED_FUNCTION = YES;
				GCC_WARN_UNUSED_VARIABLE = YES;
				MTL_ENABLE_DEBUG_INFO = INCLUDE_SOURCE;
				MTL_FAST_MATH = YES;
				ONLY_ACTIVE_ARCH = YES;
				SWIFT_ACTIVE_COMPILATION_CONDITIONS = DEBUG;
				SWIFT_OPTIMIZATION_LEVEL = "-Onone";
			};
			name = Debug;
		};
		ED7E6009258BE9BB00B4417F /* Release */ = {
			isa = XCBuildConfiguration;
			buildSettings = {
				ALWAYS_SEARCH_USER_PATHS = NO;
				CLANG_ANALYZER_NONNULL = YES;
				CLANG_ANALYZER_NUMBER_OBJECT_CONVERSION = YES_AGGRESSIVE;
				CLANG_CXX_LANGUAGE_STANDARD = "gnu++14";
				CLANG_CXX_LIBRARY = "libc++";
				CLANG_ENABLE_MODULES = YES;
				CLANG_ENABLE_OBJC_ARC = YES;
				CLANG_ENABLE_OBJC_WEAK = YES;
				CLANG_WARN_BLOCK_CAPTURE_AUTORELEASING = YES;
				CLANG_WARN_BOOL_CONVERSION = YES;
				CLANG_WARN_COMMA = YES;
				CLANG_WARN_CONSTANT_CONVERSION = YES;
				CLANG_WARN_DEPRECATED_OBJC_IMPLEMENTATIONS = YES;
				CLANG_WARN_DIRECT_OBJC_ISA_USAGE = YES_ERROR;
				CLANG_WARN_DOCUMENTATION_COMMENTS = YES;
				CLANG_WARN_EMPTY_BODY = YES;
				CLANG_WARN_ENUM_CONVERSION = YES;
				CLANG_WARN_INFINITE_RECURSION = YES;
				CLANG_WARN_INT_CONVERSION = YES;
				CLANG_WARN_NON_LITERAL_NULL_CONVERSION = YES;
				CLANG_WARN_OBJC_IMPLICIT_RETAIN_SELF = YES;
				CLANG_WARN_OBJC_LITERAL_CONVERSION = YES;
				CLANG_WARN_OBJC_ROOT_CLASS = YES_ERROR;
				CLANG_WARN_QUOTED_INCLUDE_IN_FRAMEWORK_HEADER = YES;
				CLANG_WARN_RANGE_LOOP_ANALYSIS = YES;
				CLANG_WARN_STRICT_PROTOTYPES = YES;
				CLANG_WARN_SUSPICIOUS_MOVE = YES;
				CLANG_WARN_UNGUARDED_AVAILABILITY = YES_AGGRESSIVE;
				CLANG_WARN_UNREACHABLE_CODE = YES;
				CLANG_WARN__DUPLICATE_METHOD_MATCH = YES;
				COPY_PHASE_STRIP = NO;
				DEBUG_INFORMATION_FORMAT = "dwarf-with-dsym";
				ENABLE_NS_ASSERTIONS = NO;
				ENABLE_STRICT_OBJC_MSGSEND = YES;
				GCC_C_LANGUAGE_STANDARD = gnu11;
				GCC_NO_COMMON_BLOCKS = YES;
				GCC_WARN_64_TO_32_BIT_CONVERSION = YES;
				GCC_WARN_ABOUT_RETURN_TYPE = YES_ERROR;
				GCC_WARN_UNDECLARED_SELECTOR = YES;
				GCC_WARN_UNINITIALIZED_AUTOS = YES_AGGRESSIVE;
				GCC_WARN_UNUSED_FUNCTION = YES;
				GCC_WARN_UNUSED_VARIABLE = YES;
				MTL_ENABLE_DEBUG_INFO = NO;
				MTL_FAST_MATH = YES;
				SWIFT_COMPILATION_MODE = wholemodule;
				SWIFT_OPTIMIZATION_LEVEL = "-O";
			};
			name = Release;
		};
		ED7E600B258BE9BB00B4417F /* Debug */ = {
			isa = XCBuildConfiguration;
			buildSettings = {
				ASSETCATALOG_COMPILER_APPICON_NAME = AppIcon;
				ASSETCATALOG_COMPILER_GLOBAL_ACCENT_COLOR_NAME = AccentColor;
				CODE_SIGN_STYLE = Automatic;
				DEVELOPMENT_TEAM = LPN23T94U7;
				ENABLE_PREVIEWS = YES;
				INFOPLIST_FILE = iOS/Info.plist;
				IPHONEOS_DEPLOYMENT_TARGET = 14.0;
				LD_RUNPATH_SEARCH_PATHS = (
					"$(inherited)",
					"@executable_path/Frameworks",
				);
				PRODUCT_BUNDLE_IDENTIFIER = jp.feb19.FontList;
				PRODUCT_NAME = FontList;
				SDKROOT = iphoneos;
				SWIFT_VERSION = 5.0;
				TARGETED_DEVICE_FAMILY = "1,2";
			};
			name = Debug;
		};
		ED7E600C258BE9BB00B4417F /* Release */ = {
			isa = XCBuildConfiguration;
			buildSettings = {
				ASSETCATALOG_COMPILER_APPICON_NAME = AppIcon;
				ASSETCATALOG_COMPILER_GLOBAL_ACCENT_COLOR_NAME = AccentColor;
				CODE_SIGN_STYLE = Automatic;
				DEVELOPMENT_TEAM = LPN23T94U7;
				ENABLE_PREVIEWS = YES;
				INFOPLIST_FILE = iOS/Info.plist;
				IPHONEOS_DEPLOYMENT_TARGET = 14.0;
				LD_RUNPATH_SEARCH_PATHS = (
					"$(inherited)",
					"@executable_path/Frameworks",
				);
				PRODUCT_BUNDLE_IDENTIFIER = jp.feb19.FontList;
				PRODUCT_NAME = FontList;
				SDKROOT = iphoneos;
				SWIFT_VERSION = 5.0;
				TARGETED_DEVICE_FAMILY = "1,2";
				VALIDATE_PRODUCT = YES;
			};
			name = Release;
		};
		ED7E600E258BE9BB00B4417F /* Debug */ = {
			isa = XCBuildConfiguration;
			buildSettings = {
				ASSETCATALOG_COMPILER_APPICON_NAME = AppIcon;
				ASSETCATALOG_COMPILER_GLOBAL_ACCENT_COLOR_NAME = AccentColor;
				CODE_SIGN_ENTITLEMENTS = macOS/macOS.entitlements;
				CODE_SIGN_STYLE = Automatic;
				COMBINE_HIDPI_IMAGES = YES;
				DEVELOPMENT_TEAM = LPN23T94U7;
				ENABLE_HARDENED_RUNTIME = YES;
				ENABLE_PREVIEWS = YES;
				INFOPLIST_FILE = macOS/Info.plist;
				LD_RUNPATH_SEARCH_PATHS = (
					"$(inherited)",
					"@executable_path/../Frameworks",
				);
				MACOSX_DEPLOYMENT_TARGET = 11.0;
				PRODUCT_BUNDLE_IDENTIFIER = jp.feb19.FontList;
				PRODUCT_NAME = FontList;
				SDKROOT = macosx;
				SWIFT_VERSION = 5.0;
			};
			name = Debug;
		};
		ED7E600F258BE9BB00B4417F /* Release */ = {
			isa = XCBuildConfiguration;
			buildSettings = {
				ASSETCATALOG_COMPILER_APPICON_NAME = AppIcon;
				ASSETCATALOG_COMPILER_GLOBAL_ACCENT_COLOR_NAME = AccentColor;
				CODE_SIGN_ENTITLEMENTS = macOS/macOS.entitlements;
				CODE_SIGN_STYLE = Automatic;
				COMBINE_HIDPI_IMAGES = YES;
				DEVELOPMENT_TEAM = LPN23T94U7;
				ENABLE_HARDENED_RUNTIME = YES;
				ENABLE_PREVIEWS = YES;
				INFOPLIST_FILE = macOS/Info.plist;
				LD_RUNPATH_SEARCH_PATHS = (
					"$(inherited)",
					"@executable_path/../Frameworks",
				);
				MACOSX_DEPLOYMENT_TARGET = 11.0;
				PRODUCT_BUNDLE_IDENTIFIER = jp.feb19.FontList;
				PRODUCT_NAME = FontList;
				SDKROOT = macosx;
				SWIFT_VERSION = 5.0;
			};
			name = Release;
		};
/* End XCBuildConfiguration section */

/* Begin XCConfigurationList section */
		ED7E5FED258BE9BA00B4417F /* Build configuration list for PBXProject "FontList" */ = {
			isa = XCConfigurationList;
			buildConfigurations = (
				ED7E6008258BE9BB00B4417F /* Debug */,
				ED7E6009258BE9BB00B4417F /* Release */,
			);
			defaultConfigurationIsVisible = 0;
			defaultConfigurationName = Release;
		};
		ED7E600A258BE9BB00B4417F /* Build configuration list for PBXNativeTarget "FontList (iOS)" */ = {
			isa = XCConfigurationList;
			buildConfigurations = (
				ED7E600B258BE9BB00B4417F /* Debug */,
				ED7E600C258BE9BB00B4417F /* Release */,
			);
			defaultConfigurationIsVisible = 0;
			defaultConfigurationName = Release;
		};
		ED7E600D258BE9BB00B4417F /* Build configuration list for PBXNativeTarget "FontList (macOS)" */ = {
			isa = XCConfigurationList;
			buildConfigurations = (
				ED7E600E258BE9BB00B4417F /* Debug */,
				ED7E600F258BE9BB00B4417F /* Release */,
			);
			defaultConfigurationIsVisible = 0;
			defaultConfigurationName = Release;
		};
/* End XCConfigurationList section */
	};
	rootObject = ED7E5FEA258BE9BA00B4417F /* Project object */;
}
